
Microsoft Visual Studio Solution File, Format Version 12.00
# Visual Studio Version 16
VisualStudioVersion = 16.0.31702.278
MinimumVisualStudioVersion = 10.0.40219.1
Project("{FAE04EC0-301F-11D3-BF4B-00C04F79EFBC}") = "5-ClassesEObjetos", "5-ClassesEObjetos\5-ClassesEObjetos.csproj", "{8BFF6B75-BB51-422A-8E3C-0A6CF18CFCD2}"
EndProject
Global
	GlobalSection(SolutionConfigurationPlatforms) = preSolution
		Debug|Any CPU = Debug|Any CPU
		Release|Any CPU = Release|Any CPU
	EndGlobalSection
	GlobalSection(ProjectConfigurationPlatforms) = postSolution
		{8BFF6B75-BB51-422A-8E3C-0A6CF18CFCD2}.Debug|Any CPU.ActiveCfg = Debug|Any CPU
		{8BFF6B75-BB51-422A-8E3C-0A6CF18CFCD2}.Debug|Any CPU.Build.0 = Debug|Any CPU
		{8BFF6B75-BB51-422A-8E3C-0A6CF18CFCD2}.Release|Any CPU.ActiveCfg = Release|Any CPU
		{8BFF6B75-BB51-422A-8E3C-0A6CF18CFCD2}.Release|Any CPU.Build.0 = Release|Any CPU
	EndGlobalSection
	GlobalSection(SolutionProperties) = preSolution
		HideSolutionNode = FALSE
	EndGlobalSection
	GlobalSection(ExtensibilityGlobals) = postSolution
		SolutionGuid = {0B999947-17AE-47F5-8456-ED8818F9033F}
	EndGlobalSection
EndGlobal
