
Microsoft Visual Studio Solution File, Format Version 12.00
# Visual Studio Version 16
VisualStudioVersion = 16.0.31624.102
MinimumVisualStudioVersion = 10.0.40219.1
Project("{FAE04EC0-301F-11D3-BF4B-00C04F79EFBC}") = "11-LINQ", "11-LINQ\11-LINQ.csproj", "{7E95E610-C2DF-4D78-A7C8-6B3C6FED1EE3}"
EndProject
Global
	GlobalSection(SolutionConfigurationPlatforms) = preSolution
		Debug|Any CPU = Debug|Any CPU
		Release|Any CPU = Release|Any CPU
	EndGlobalSection
	GlobalSection(ProjectConfigurationPlatforms) = postSolution
		{7E95E610-C2DF-4D78-A7C8-6B3C6FED1EE3}.Debug|Any CPU.ActiveCfg = Debug|Any CPU
		{7E95E610-C2DF-4D78-A7C8-6B3C6FED1EE3}.Debug|Any CPU.Build.0 = Debug|Any CPU
		{7E95E610-C2DF-4D78-A7C8-6B3C6FED1EE3}.Release|Any CPU.ActiveCfg = Release|Any CPU
		{7E95E610-C2DF-4D78-A7C8-6B3C6FED1EE3}.Release|Any CPU.Build.0 = Release|Any CPU
	EndGlobalSection
	GlobalSection(SolutionProperties) = preSolution
		HideSolutionNode = FALSE
	EndGlobalSection
	GlobalSection(ExtensibilityGlobals) = postSolution
		SolutionGuid = {83FBD1CF-12A6-4497-9504-1F4BCFFB8836}
	EndGlobalSection
EndGlobal
