
Microsoft Visual Studio Solution File, Format Version 12.00
# Visual Studio Version 16
VisualStudioVersion = 16.0.31702.278
MinimumVisualStudioVersion = 10.0.40219.1
Project("{FAE04EC0-301F-11D3-BF4B-00C04F79EFBC}") = "7-Referencias", "7-Referencias\7-Referencias.csproj", "{5C0CB85A-B084-4F4D-94BC-C6E5C78E191F}"
EndProject
Global
	GlobalSection(SolutionConfigurationPlatforms) = preSolution
		Debug|Any CPU = Debug|Any CPU
		Release|Any CPU = Release|Any CPU
	EndGlobalSection
	GlobalSection(ProjectConfigurationPlatforms) = postSolution
		{5C0CB85A-B084-4F4D-94BC-C6E5C78E191F}.Debug|Any CPU.ActiveCfg = Debug|Any CPU
		{5C0CB85A-B084-4F4D-94BC-C6E5C78E191F}.Debug|Any CPU.Build.0 = Debug|Any CPU
		{5C0CB85A-B084-4F4D-94BC-C6E5C78E191F}.Release|Any CPU.ActiveCfg = Release|Any CPU
		{5C0CB85A-B084-4F4D-94BC-C6E5C78E191F}.Release|Any CPU.Build.0 = Release|Any CPU
	EndGlobalSection
	GlobalSection(SolutionProperties) = preSolution
		HideSolutionNode = FALSE
	EndGlobalSection
	GlobalSection(ExtensibilityGlobals) = postSolution
		SolutionGuid = {2A2D3FEA-8010-4986-BC89-1886951C1889}
	EndGlobalSection
EndGlobal
